{
  "name": "farm-server",
  "version": "1.0.0",
  "lockfileVersion": 2,
  "requires": true,
  "packages": {
    "": {
      "name": "farm-server",
      "version": "1.0.0",
      "license": "ISC",
      "dependencies": {
        "@types/ws": "^8.2.3",
        "ws": "^8.5.0"
      }
    },
    "node_modules/@types/node": {
      "version": "17.0.19",
      "resolved": "https://registry.npmjs.org/@types/node/-/node-17.0.19.tgz",
      "integrity": "sha512-PfeQhvcMR4cPFVuYfBN4ifG7p9c+Dlh3yUZR6k+5yQK7wX3gDgVxBly4/WkBRs9x4dmcy1TVl08SY67wwtEvmA=="
    },
    "node_modules/@types/ws": {
      "version": "8.2.3",
      "resolved": "https://registry.npmjs.org/@types/ws/-/ws-8.2.3.tgz",
      "integrity": "sha512-ahRJZquUYCdOZf/rCsWg88S0/+cb9wazUBHv6HZEe3XdYaBe2zr/slM8J28X07Hn88Pnm4ezo7N8/ofnOgrPVQ==",
      "dependencies": {
        "@types/node": "*"
      }
    },
    "node_modules/ws": {
      "version": "8.5.0",
      "resolved": "https://registry.npmjs.org/ws/-/ws-8.5.0.tgz",
      "integrity": "sha512-BWX0SWVgLPzYwF8lTzEy1egjhS4S4OEAHfsO8o65WOVsrnSRGaSiUaa9e0ggGlkMTtBlmOpEXiie9RUcBO86qg==",
      "engines": {
        "node": ">=10.0.0"
      },
      "peerDependencies": {
        "bufferutil": "^4.0.1",
        "utf-8-validate": "^5.0.2"
      },
      "peerDependenciesMeta": {
        "bufferutil": {
          "optional": true
        },
        "utf-8-validate": {
          "optional": true
        }
      }
    }
  },
  "dependencies": {
    "@types/node": {
      "version": "17.0.19",
      "resolved": "https://registry.npmjs.org/@types/node/-/node-17.0.19.tgz",
      "integrity": "sha512-PfeQhvcMR4cPFVuYfBN4ifG7p9c+Dlh3yUZR6k+5yQK7wX3gDgVxBly4/WkBRs9x4dmcy1TVl08SY67wwtEvmA=="
    },
    "@types/ws": {
      "version": "8.2.3",
      "resolved": "https://registry.npmjs.org/@types/ws/-/ws-8.2.3.tgz",
      "integrity": "sha512-ahRJZquUYCdOZf/rCsWg88S0/+cb9wazUBHv6HZEe3XdYaBe2zr/slM8J28X07Hn88Pnm4ezo7N8/ofnOgrPVQ==",
      "requires": {
        "@types/node": "*"
      }
    },
    "ws": {
      "version": "8.5.0",
      "resolved": "https://registry.npmjs.org/ws/-/ws-8.5.0.tgz",
      "integrity": "sha512-BWX0SWVgLPzYwF8lTzEy1egjhS4S4OEAHfsO8o65WOVsrnSRGaSiUaa9e0ggGlkMTtBlmOpEXiie9RUcBO86qg==",
      "requires": {}
    }
  }
}
